
Microsoft Visual Studio Solution File, Format Version 12.00
# Visual Studio Version 16
VisualStudioVersion = 16.0.30804.86
MinimumVisualStudioVersion = 10.0.40219.1
Project("{FAE04EC0-301F-11D3-BF4B-00C04F79EFBC}") = "WebApplication2", "WebApplication2\WebApplication2.csproj", "{8B0205A9-EE34-40E4-B5F7-FA28C3911587}"
EndProject
Global
	GlobalSection(SolutionConfigurationPlatforms) = preSolution
		Debug|Any CPU = Debug|Any CPU
		Release|Any CPU = Release|Any CPU
	EndGlobalSection
	GlobalSection(ProjectConfigurationPlatforms) = postSolution
		{8B0205A9-EE34-40E4-B5F7-FA28C3911587}.Debug|Any CPU.ActiveCfg = Debug|Any CPU
		{8B0205A9-EE34-40E4-B5F7-FA28C3911587}.Debug|Any CPU.Build.0 = Debug|Any CPU
		{8B0205A9-EE34-40E4-B5F7-FA28C3911587}.Release|Any CPU.ActiveCfg = Release|Any CPU
		{8B0205A9-EE34-40E4-B5F7-FA28C3911587}.Release|Any CPU.Build.0 = Release|Any CPU
	EndGlobalSection
	GlobalSection(SolutionProperties) = preSolution
		HideSolutionNode = FALSE
	EndGlobalSection
	GlobalSection(ExtensibilityGlobals) = postSolution
		SolutionGuid = {9F4D022E-2C8C-4876-A5C4-AA462C5D3E2A}
	EndGlobalSection
EndGlobal
